
Microsoft Visual Studio Solution File, Format Version 12.00
# Visual Studio Version 17
VisualStudioVersion = 17.8.34309.116
MinimumVisualStudioVersion = 10.0.40219.1
Project("{FAE04EC0-301F-11D3-BF4B-00C04F79EFBC}") = "ldrobot", "ldrobot\ldrobot.csproj", "{BDE093AE-50E1-4A12-8F16-F50A33255914}"
EndProject
Global
	GlobalSection(SolutionConfigurationPlatforms) = preSolution
		Debug|Any CPU = Debug|Any CPU
		Release|Any CPU = Release|Any CPU
	EndGlobalSection
	GlobalSection(ProjectConfigurationPlatforms) = postSolution
		{BDE093AE-50E1-4A12-8F16-F50A33255914}.Debug|Any CPU.ActiveCfg = Debug|Any CPU
		{BDE093AE-50E1-4A12-8F16-F50A33255914}.Debug|Any CPU.Build.0 = Debug|Any CPU
		{BDE093AE-50E1-4A12-8F16-F50A33255914}.Release|Any CPU.ActiveCfg = Release|Any CPU
		{BDE093AE-50E1-4A12-8F16-F50A33255914}.Release|Any CPU.Build.0 = Release|Any CPU
	EndGlobalSection
	GlobalSection(SolutionProperties) = preSolution
		HideSolutionNode = FALSE
	EndGlobalSection
	GlobalSection(ExtensibilityGlobals) = postSolution
		SolutionGuid = {D8A037FD-11EA-41C7-B9BE-5C778C07C613}
	EndGlobalSection
EndGlobal
